
Microsoft Visual Studio Solution File, Format Version 12.00
# Visual Studio Version 16
VisualStudioVersion = 16.0.29519.87
MinimumVisualStudioVersion = 10.0.40219.1
Project("{FAE04EC0-301F-11D3-BF4B-00C04F79EFBC}") = "Attendance", "Attendance.csproj", "{32F738DE-9B25-4ECF-99E8-6387BD095DB0}"
EndProject
Global
	GlobalSection(SolutionConfigurationPlatforms) = preSolution
		Debug|Any CPU = Debug|Any CPU
		Release|Any CPU = Release|Any CPU
	EndGlobalSection
	GlobalSection(ProjectConfigurationPlatforms) = postSolution
		{32F738DE-9B25-4ECF-99E8-6387BD095DB0}.Debug|Any CPU.ActiveCfg = Debug|Any CPU
		{32F738DE-9B25-4ECF-99E8-6387BD095DB0}.Debug|Any CPU.Build.0 = Debug|Any CPU
		{32F738DE-9B25-4ECF-99E8-6387BD095DB0}.Release|Any CPU.ActiveCfg = Release|Any CPU
		{32F738DE-9B25-4ECF-99E8-6387BD095DB0}.Release|Any CPU.Build.0 = Release|Any CPU
	EndGlobalSection
	GlobalSection(SolutionProperties) = preSolution
		HideSolutionNode = FALSE
	EndGlobalSection
	GlobalSection(ExtensibilityGlobals) = postSolution
		SolutionGuid = {5B6F5C88-4DA8-4F1A-A0E2-65308EB33DB1}
	EndGlobalSection
EndGlobal
